// !$*UTF8*$!
{
	archiveVersion = 1;
	classes = {
	};
	objectVersion = 46;
	objects = {

/* Begin PBXBuildFile section */
		92018A251C45A7720031C893 /* Analytics+iOS.swift in Sources */ = {isa = PBXBuildFile; fileRef = 92018A121C45A7720031C893 /* Analytics+iOS.swift */; };
		92018A271C45A7720031C893 /* Analytics.swift in Sources */ = {isa = PBXBuildFile; fileRef = 92018A141C45A7720031C893 /* Analytics.swift */; };
		92018A291C45A7720031C893 /* Constants.swift in Sources */ = {isa = PBXBuildFile; fileRef = 92018A161C45A7720031C893 /* Constants.swift */; };
		92018A2A1C45A7720031C893 /* Error.swift in Sources */ = {isa = PBXBuildFile; fileRef = 92018A171C45A7720031C893 /* Error.swift */; };
		92018A2C1C45A7720031C893 /* Logger.swift in Sources */ = {isa = PBXBuildFile; fileRef = 92018A1A1C45A7720031C893 /* Logger.swift */; };
		92018A331C45A7720031C893 /* AuthorizationManager.swift in Sources */ = {isa = PBXBuildFile; fileRef = 92018A231C45A7720031C893 /* AuthorizationManager.swift */; };
		92018A341C45A7720031C893 /* DefaultAuthorizationManager.swift in Sources */ = {isa = PBXBuildFile; fileRef = 92018A241C45A7720031C893 /* DefaultAuthorizationManager.swift */; };
		92018A401C45A8170031C893 /* BMSCore.h in Headers */ = {isa = PBXBuildFile; fileRef = 92018A3C1C45A8170031C893 /* BMSCore.h */; settings = {ATTRIBUTES = (Public, ); }; };
		92018A441C45A8250031C893 /* BMSCoreWatchOS.h in Headers */ = {isa = PBXBuildFile; fileRef = 92018A3D1C45A8170031C893 /* BMSCoreWatchOS.h */; settings = {ATTRIBUTES = (Public, ); }; };
		92018A4D1C45AA890031C893 /* BMSClient.swift in Sources */ = {isa = PBXBuildFile; fileRef = 92018A471C45AA890031C893 /* BMSClient.swift */; };
		92018A4E1C45AA890031C893 /* MFPClient.swift in Sources */ = {isa = PBXBuildFile; fileRef = 92018A481C45AA890031C893 /* MFPClient.swift */; };
		92018A4F1C45AA890031C893 /* MFPRequest+iOS.swift in Sources */ = {isa = PBXBuildFile; fileRef = 92018A491C45AA890031C893 /* MFPRequest+iOS.swift */; };
		92018A501C45AA890031C893 /* MFPRequest.swift in Sources */ = {isa = PBXBuildFile; fileRef = 92018A4A1C45AA890031C893 /* MFPRequest.swift */; };
		92018A511C45AA890031C893 /* Request.swift in Sources */ = {isa = PBXBuildFile; fileRef = 92018A4B1C45AA890031C893 /* Request.swift */; };
		92018A521C45AA890031C893 /* Response.swift in Sources */ = {isa = PBXBuildFile; fileRef = 92018A4C1C45AA890031C893 /* Response.swift */; };
		92018A531C45AAA30031C893 /* Logger.swift in Sources */ = {isa = PBXBuildFile; fileRef = 92018A1A1C45A7720031C893 /* Logger.swift */; };
		92018A541C45AAA90031C893 /* Analytics+watchOS.swift in Sources */ = {isa = PBXBuildFile; fileRef = 92018A131C45A7720031C893 /* Analytics+watchOS.swift */; };
		92018A551C45AAAC0031C893 /* Analytics.swift in Sources */ = {isa = PBXBuildFile; fileRef = 92018A141C45A7720031C893 /* Analytics.swift */; };
		92018A561C45AAC20031C893 /* DefaultAuthorizationManager.swift in Sources */ = {isa = PBXBuildFile; fileRef = 92018A241C45A7720031C893 /* DefaultAuthorizationManager.swift */; };
		92018A571C45AAC40031C893 /* AuthorizationManager.swift in Sources */ = {isa = PBXBuildFile; fileRef = 92018A231C45A7720031C893 /* AuthorizationManager.swift */; };
		92018A581C45AAC70031C893 /* Response.swift in Sources */ = {isa = PBXBuildFile; fileRef = 92018A4C1C45AA890031C893 /* Response.swift */; };
		92018A591C45AACA0031C893 /* Request.swift in Sources */ = {isa = PBXBuildFile; fileRef = 92018A4B1C45AA890031C893 /* Request.swift */; };
		92018A5A1C45AACC0031C893 /* MFPRequest.swift in Sources */ = {isa = PBXBuildFile; fileRef = 92018A4A1C45AA890031C893 /* MFPRequest.swift */; };
		92018A5B1C45AAD00031C893 /* MFPClient.swift in Sources */ = {isa = PBXBuildFile; fileRef = 92018A481C45AA890031C893 /* MFPClient.swift */; };
		92018A5C1C45AAD30031C893 /* BMSClient.swift in Sources */ = {isa = PBXBuildFile; fileRef = 92018A471C45AA890031C893 /* BMSClient.swift */; };
		92018A5D1C45AAD60031C893 /* Error.swift in Sources */ = {isa = PBXBuildFile; fileRef = 92018A171C45A7720031C893 /* Error.swift */; };
		92018A5E1C45AAD80031C893 /* Constants.swift in Sources */ = {isa = PBXBuildFile; fileRef = 92018A161C45A7720031C893 /* Constants.swift */; };
		92018A8C1C45AC380031C893 /* AnalyticsTests.swift in Sources */ = {isa = PBXBuildFile; fileRef = 92018A761C45AC380031C893 /* AnalyticsTests.swift */; };
		92018A8D1C45AC380031C893 /* BMSClientTests.swift in Sources */ = {isa = PBXBuildFile; fileRef = 92018A771C45AC380031C893 /* BMSClientTests.swift */; };
		92018A8E1C45AC380031C893 /* LoggerTests.swift in Sources */ = {isa = PBXBuildFile; fileRef = 92018A781C45AC380031C893 /* LoggerTests.swift */; };
		92018A8F1C45AC380031C893 /* MFPRequestTests.swift in Sources */ = {isa = PBXBuildFile; fileRef = 92018A791C45AC380031C893 /* MFPRequestTests.swift */; };
		92018A921C45AC380031C893 /* ResponseTests.swift in Sources */ = {isa = PBXBuildFile; fileRef = 92018A7D1C45AC380031C893 /* ResponseTests.swift */; };
		92018A931C45AC640031C893 /* AppDelegate.swift in Sources */ = {isa = PBXBuildFile; fileRef = 92018A621C45AC380031C893 /* AppDelegate.swift */; };
		92018A961C45ACD80031C893 /* LogController.swift in Sources */ = {isa = PBXBuildFile; fileRef = 92018A691C45AC380031C893 /* LogController.swift */; };
		92018A971C45ACF50031C893 /* ViewController.swift in Sources */ = {isa = PBXBuildFile; fileRef = 92018A6A1C45AC380031C893 /* ViewController.swift */; };
		92018A9A1C45AD2C0031C893 /* InterfaceController.swift in Sources */ = {isa = PBXBuildFile; fileRef = 92018A741C45AC380031C893 /* InterfaceController.swift */; };
		92018A9B1C45AD2F0031C893 /* ExtensionDelegate.swift in Sources */ = {isa = PBXBuildFile; fileRef = 92018A721C45AC380031C893 /* ExtensionDelegate.swift */; };
		9235D0C91BC3183F00946A32 /* TestAppWatchOS Extension.appex in Embed App Extensions */ = {isa = PBXBuildFile; fileRef = 9235D0C81BC3183F00946A32 /* TestAppWatchOS Extension.appex */; settings = {ATTRIBUTES = (RemoveHeadersOnCopy, ); }; };
		9235D0FC1BC33D5600946A32 /* BMSCoreWatchOS.framework in Frameworks */ = {isa = PBXBuildFile; fileRef = 92A8E4D61BBF2D9C00995FE8 /* BMSCoreWatchOS.framework */; };
		9235D0FD1BC33D5600946A32 /* BMSCoreWatchOS.framework in Embed Frameworks */ = {isa = PBXBuildFile; fileRef = 92A8E4D61BBF2D9C00995FE8 /* BMSCoreWatchOS.framework */; settings = {ATTRIBUTES = (CodeSignOnCopy, RemoveHeadersOnCopy, ); }; };
		926679B91BF3D4E000F597C5 /* TestAppWatchOS.app in Embed Watch Content */ = {isa = PBXBuildFile; fileRef = 9235D0BC1BC3183F00946A32 /* TestAppWatchOS.app */; };
		926679BC1BF4FBD300F597C5 /* BMSCore.framework in Frameworks */ = {isa = PBXBuildFile; fileRef = 92F263F71B94EBB50063CC1D /* BMSCore.framework */; };
		926679BD1BF4FBD300F597C5 /* BMSCore.framework in Embed Frameworks */ = {isa = PBXBuildFile; fileRef = 92F263F71B94EBB50063CC1D /* BMSCore.framework */; settings = {ATTRIBUTES = (CodeSignOnCopy, RemoveHeadersOnCopy, ); }; };
		926CF6921C4D51760084355B /* MFPLogger.swift in Sources */ = {isa = PBXBuildFile; fileRef = 926CF6911C4D51760084355B /* MFPLogger.swift */; };
		926CF6931C4D51760084355B /* MFPLogger.swift in Sources */ = {isa = PBXBuildFile; fileRef = 926CF6911C4D51760084355B /* MFPLogger.swift */; };
		926CF6971C4EADCA0084355B /* MFPLoggerTests.swift in Sources */ = {isa = PBXBuildFile; fileRef = 926CF6961C4EADCA0084355B /* MFPLoggerTests.swift */; };
		92ED06FD1C45AEC900E0BA1D /* LargeData.txt in Resources */ = {isa = PBXBuildFile; fileRef = 92018A7C1C45AC380031C893 /* LargeData.txt */; };
		92ED070C1C45AFD900E0BA1D /* Assets.xcassets in Resources */ = {isa = PBXBuildFile; fileRef = 92ED070A1C45AFD900E0BA1D /* Assets.xcassets */; };
		92ED07111C45B01F00E0BA1D /* Assets.xcassets in Resources */ = {isa = PBXBuildFile; fileRef = 92ED070F1C45B01F00E0BA1D /* Assets.xcassets */; };
		92ED07161C45B03700E0BA1D /* Assets.xcassets in Resources */ = {isa = PBXBuildFile; fileRef = 92ED07141C45B03700E0BA1D /* Assets.xcassets */; };
		92ED07181C45B52900E0BA1D /* LaunchScreen.storyboard in Resources */ = {isa = PBXBuildFile; fileRef = 92018A641C45AC380031C893 /* LaunchScreen.storyboard */; };
		92ED07191C45B59D00E0BA1D /* Main.storyboard in Resources */ = {isa = PBXBuildFile; fileRef = 92018A661C45AC380031C893 /* Main.storyboard */; };
		92ED071A1C45BA0500E0BA1D /* Interface.storyboard in Resources */ = {isa = PBXBuildFile; fileRef = 92018A6D1C45AC380031C893 /* Interface.storyboard */; };
		92F264021B94EBB60063CC1D /* BMSCore.framework in Frameworks */ = {isa = PBXBuildFile; fileRef = 92F263F71B94EBB50063CC1D /* BMSCore.framework */; };
/* End PBXBuildFile section */

/* Begin PBXContainerItemProxy section */
		9235D0CA1BC3183F00946A32 /* PBXContainerItemProxy */ = {
			isa = PBXContainerItemProxy;
			containerPortal = 92F263EE1B94EBB50063CC1D /* Project object */;
			proxyType = 1;
			remoteGlobalIDString = 9235D0C71BC3183F00946A32;
			remoteInfo = "TestAppWatchOS Extension";
		};
		9235D0E81BC32D1E00946A32 /* PBXContainerItemProxy */ = {
			isa = PBXContainerItemProxy;
			containerPortal = 92F263EE1B94EBB50063CC1D /* Project object */;
			proxyType = 1;
			remoteGlobalIDString = 92F263F61B94EBB50063CC1D;
			remoteInfo = BMSCore;
		};
		9235D0FE1BC33D5600946A32 /* PBXContainerItemProxy */ = {
			isa = PBXContainerItemProxy;
			containerPortal = 92F263EE1B94EBB50063CC1D /* Project object */;
			proxyType = 1;
			remoteGlobalIDString = 92A8E4D51BBF2D9C00995FE8;
			remoteInfo = BMSCoreWatchOS;
		};
		926679B71BF3D4D900F597C5 /* PBXContainerItemProxy */ = {
			isa = PBXContainerItemProxy;
			containerPortal = 92F263EE1B94EBB50063CC1D /* Project object */;
			proxyType = 1;
			remoteGlobalIDString = 9235D0BB1BC3183F00946A32;
			remoteInfo = TestAppWatchOS;
		};
		92F264031B94EBB60063CC1D /* PBXContainerItemProxy */ = {
			isa = PBXContainerItemProxy;
			containerPortal = 92F263EE1B94EBB50063CC1D /* Project object */;
			proxyType = 1;
			remoteGlobalIDString = 92F263F61B94EBB50063CC1D;
			remoteInfo = BMSCore;
		};
/* End PBXContainerItemProxy section */

/* Begin PBXCopyFilesBuildPhase section */
		9235D0DA1BC3184000946A32 /* Embed App Extensions */ = {
			isa = PBXCopyFilesBuildPhase;
			buildActionMask = 2147483647;
			dstPath = "";
			dstSubfolderSpec = 13;
			files = (
				9235D0C91BC3183F00946A32 /* TestAppWatchOS Extension.appex in Embed App Extensions */,
			);
			name = "Embed App Extensions";
			runOnlyForDeploymentPostprocessing = 0;
		};
		9235D0DE1BC3184000946A32 /* Embed Watch Content */ = {
			isa = PBXCopyFilesBuildPhase;
			buildActionMask = 2147483647;
			dstPath = "$(CONTENTS_FOLDER_PATH)/Watch";
			dstSubfolderSpec = 16;
			files = (
				926679B91BF3D4E000F597C5 /* TestAppWatchOS.app in Embed Watch Content */,
			);
			name = "Embed Watch Content";
			runOnlyForDeploymentPostprocessing = 0;
		};
		9235D1001BC33D5600946A32 /* Embed Frameworks */ = {
			isa = PBXCopyFilesBuildPhase;
			buildActionMask = 2147483647;
			dstPath = "";
			dstSubfolderSpec = 10;
			files = (
				9235D0FD1BC33D5600946A32 /* BMSCoreWatchOS.framework in Embed Frameworks */,
			);
			name = "Embed Frameworks";
			runOnlyForDeploymentPostprocessing = 0;
		};
		926679BE1BF4FBD300F597C5 /* Embed Frameworks */ = {
			isa = PBXCopyFilesBuildPhase;
			buildActionMask = 2147483647;
			dstPath = "";
			dstSubfolderSpec = 10;
			files = (
				926679BD1BF4FBD300F597C5 /* BMSCore.framework in Embed Frameworks */,
			);
			name = "Embed Frameworks";
			runOnlyForDeploymentPostprocessing = 0;
		};
/* End PBXCopyFilesBuildPhase section */

/* Begin PBXFileReference section */
		92018A121C45A7720031C893 /* Analytics+iOS.swift */ = {isa = PBXFileReference; fileEncoding = 4; lastKnownFileType = sourcecode.swift; path = "Analytics+iOS.swift"; sourceTree = "<group>"; };
		92018A131C45A7720031C893 /* Analytics+watchOS.swift */ = {isa = PBXFileReference; fileEncoding = 4; lastKnownFileType = sourcecode.swift; path = "Analytics+watchOS.swift"; sourceTree = "<group>"; };
		92018A141C45A7720031C893 /* Analytics.swift */ = {isa = PBXFileReference; fileEncoding = 4; lastKnownFileType = sourcecode.swift; path = Analytics.swift; sourceTree = "<group>"; };
		92018A161C45A7720031C893 /* Constants.swift */ = {isa = PBXFileReference; fileEncoding = 4; lastKnownFileType = sourcecode.swift; path = Constants.swift; sourceTree = "<group>"; };
		92018A171C45A7720031C893 /* Error.swift */ = {isa = PBXFileReference; fileEncoding = 4; lastKnownFileType = sourcecode.swift; path = Error.swift; sourceTree = "<group>"; };
		92018A1A1C45A7720031C893 /* Logger.swift */ = {isa = PBXFileReference; fileEncoding = 4; lastKnownFileType = sourcecode.swift; path = Logger.swift; sourceTree = "<group>"; };
		92018A231C45A7720031C893 /* AuthorizationManager.swift */ = {isa = PBXFileReference; fileEncoding = 4; lastKnownFileType = sourcecode.swift; path = AuthorizationManager.swift; sourceTree = "<group>"; };
		92018A241C45A7720031C893 /* DefaultAuthorizationManager.swift */ = {isa = PBXFileReference; fileEncoding = 4; lastKnownFileType = sourcecode.swift; path = DefaultAuthorizationManager.swift; sourceTree = "<group>"; };
		92018A3C1C45A8170031C893 /* BMSCore.h */ = {isa = PBXFileReference; fileEncoding = 4; lastKnownFileType = sourcecode.c.h; path = BMSCore.h; sourceTree = "<group>"; };
		92018A3D1C45A8170031C893 /* BMSCoreWatchOS.h */ = {isa = PBXFileReference; fileEncoding = 4; lastKnownFileType = sourcecode.c.h; path = BMSCoreWatchOS.h; sourceTree = "<group>"; };
		92018A3E1C45A8170031C893 /* Info_iOS.plist */ = {isa = PBXFileReference; fileEncoding = 4; lastKnownFileType = text.plist.xml; path = Info_iOS.plist; sourceTree = "<group>"; };
		92018A3F1C45A8170031C893 /* Info_watchOS.plist */ = {isa = PBXFileReference; fileEncoding = 4; lastKnownFileType = text.plist.xml; path = Info_watchOS.plist; sourceTree = "<group>"; };
		92018A471C45AA890031C893 /* BMSClient.swift */ = {isa = PBXFileReference; fileEncoding = 4; lastKnownFileType = sourcecode.swift; path = BMSClient.swift; sourceTree = "<group>"; };
		92018A481C45AA890031C893 /* MFPClient.swift */ = {isa = PBXFileReference; fileEncoding = 4; lastKnownFileType = sourcecode.swift; path = MFPClient.swift; sourceTree = "<group>"; };
		92018A491C45AA890031C893 /* MFPRequest+iOS.swift */ = {isa = PBXFileReference; fileEncoding = 4; lastKnownFileType = sourcecode.swift; path = "MFPRequest+iOS.swift"; sourceTree = "<group>"; };
		92018A4A1C45AA890031C893 /* MFPRequest.swift */ = {isa = PBXFileReference; fileEncoding = 4; lastKnownFileType = sourcecode.swift; path = MFPRequest.swift; sourceTree = "<group>"; };
		92018A4B1C45AA890031C893 /* Request.swift */ = {isa = PBXFileReference; fileEncoding = 4; lastKnownFileType = sourcecode.swift; path = Request.swift; sourceTree = "<group>"; };
		92018A4C1C45AA890031C893 /* Response.swift */ = {isa = PBXFileReference; fileEncoding = 4; lastKnownFileType = sourcecode.swift; path = Response.swift; sourceTree = "<group>"; };
		92018A621C45AC380031C893 /* AppDelegate.swift */ = {isa = PBXFileReference; fileEncoding = 4; lastKnownFileType = sourcecode.swift; path = AppDelegate.swift; sourceTree = "<group>"; };
		92018A651C45AC380031C893 /* Base */ = {isa = PBXFileReference; lastKnownFileType = file.storyboard; name = Base; path = Base.lproj/LaunchScreen.storyboard; sourceTree = "<group>"; };
		92018A671C45AC380031C893 /* Base */ = {isa = PBXFileReference; lastKnownFileType = file.storyboard; name = Base; path = Base.lproj/Main.storyboard; sourceTree = "<group>"; };
		92018A691C45AC380031C893 /* LogController.swift */ = {isa = PBXFileReference; fileEncoding = 4; lastKnownFileType = sourcecode.swift; path = LogController.swift; sourceTree = "<group>"; };
		92018A6A1C45AC380031C893 /* ViewController.swift */ = {isa = PBXFileReference; fileEncoding = 4; lastKnownFileType = sourcecode.swift; path = ViewController.swift; sourceTree = "<group>"; };
		92018A6E1C45AC380031C893 /* Base */ = {isa = PBXFileReference; lastKnownFileType = file.storyboard; name = Base; path = Base.lproj/Interface.storyboard; sourceTree = "<group>"; };
		92018A721C45AC380031C893 /* ExtensionDelegate.swift */ = {isa = PBXFileReference; fileEncoding = 4; lastKnownFileType = sourcecode.swift; path = ExtensionDelegate.swift; sourceTree = "<group>"; };
		92018A741C45AC380031C893 /* InterfaceController.swift */ = {isa = PBXFileReference; fileEncoding = 4; lastKnownFileType = sourcecode.swift; path = InterfaceController.swift; sourceTree = "<group>"; };
		92018A761C45AC380031C893 /* AnalyticsTests.swift */ = {isa = PBXFileReference; fileEncoding = 4; lastKnownFileType = sourcecode.swift; path = AnalyticsTests.swift; sourceTree = "<group>"; };
		92018A771C45AC380031C893 /* BMSClientTests.swift */ = {isa = PBXFileReference; fileEncoding = 4; lastKnownFileType = sourcecode.swift; path = BMSClientTests.swift; sourceTree = "<group>"; };
		92018A781C45AC380031C893 /* LoggerTests.swift */ = {isa = PBXFileReference; fileEncoding = 4; lastKnownFileType = sourcecode.swift; path = LoggerTests.swift; sourceTree = "<group>"; };
		92018A791C45AC380031C893 /* MFPRequestTests.swift */ = {isa = PBXFileReference; fileEncoding = 4; lastKnownFileType = sourcecode.swift; path = MFPRequestTests.swift; sourceTree = "<group>"; };
		92018A7B1C45AC380031C893 /* Info.plist */ = {isa = PBXFileReference; fileEncoding = 4; lastKnownFileType = text.plist.xml; path = Info.plist; sourceTree = "<group>"; };
		92018A7C1C45AC380031C893 /* LargeData.txt */ = {isa = PBXFileReference; fileEncoding = 4; lastKnownFileType = text; path = LargeData.txt; sourceTree = "<group>"; };
		92018A7D1C45AC380031C893 /* ResponseTests.swift */ = {isa = PBXFileReference; fileEncoding = 4; lastKnownFileType = sourcecode.swift; path = ResponseTests.swift; sourceTree = "<group>"; };
		9235D0A81BC3181900946A32 /* TestAppiOS.app */ = {isa = PBXFileReference; explicitFileType = wrapper.application; includeInIndex = 0; path = TestAppiOS.app; sourceTree = BUILT_PRODUCTS_DIR; };
		9235D0BC1BC3183F00946A32 /* TestAppWatchOS.app */ = {isa = PBXFileReference; explicitFileType = wrapper.application; includeInIndex = 0; path = TestAppWatchOS.app; sourceTree = BUILT_PRODUCTS_DIR; };
		9235D0C81BC3183F00946A32 /* TestAppWatchOS Extension.appex */ = {isa = PBXFileReference; explicitFileType = "wrapper.app-extension"; includeInIndex = 0; path = "TestAppWatchOS Extension.appex"; sourceTree = BUILT_PRODUCTS_DIR; };
		926CF6911C4D51760084355B /* MFPLogger.swift */ = {isa = PBXFileReference; fileEncoding = 4; lastKnownFileType = sourcecode.swift; path = MFPLogger.swift; sourceTree = "<group>"; };
		926CF6961C4EADCA0084355B /* MFPLoggerTests.swift */ = {isa = PBXFileReference; fileEncoding = 4; lastKnownFileType = sourcecode.swift; path = MFPLoggerTests.swift; sourceTree = "<group>"; };
		92A8E4D61BBF2D9C00995FE8 /* BMSCoreWatchOS.framework */ = {isa = PBXFileReference; explicitFileType = wrapper.framework; includeInIndex = 0; path = BMSCoreWatchOS.framework; sourceTree = BUILT_PRODUCTS_DIR; };
		92ED070A1C45AFD900E0BA1D /* Assets.xcassets */ = {isa = PBXFileReference; lastKnownFileType = folder.assetcatalog; path = Assets.xcassets; sourceTree = "<group>"; };
		92ED070B1C45AFD900E0BA1D /* Info.plist */ = {isa = PBXFileReference; fileEncoding = 4; lastKnownFileType = text.plist.xml; path = Info.plist; sourceTree = "<group>"; };
		92ED070F1C45B01F00E0BA1D /* Assets.xcassets */ = {isa = PBXFileReference; lastKnownFileType = folder.assetcatalog; path = Assets.xcassets; sourceTree = "<group>"; };
		92ED07101C45B01F00E0BA1D /* Info.plist */ = {isa = PBXFileReference; fileEncoding = 4; lastKnownFileType = text.plist.xml; path = Info.plist; sourceTree = "<group>"; };
		92ED07141C45B03700E0BA1D /* Assets.xcassets */ = {isa = PBXFileReference; lastKnownFileType = folder.assetcatalog; path = Assets.xcassets; sourceTree = "<group>"; };
		92ED07151C45B03700E0BA1D /* Info.plist */ = {isa = PBXFileReference; fileEncoding = 4; lastKnownFileType = text.plist.xml; path = Info.plist; sourceTree = "<group>"; };
		92F263F71B94EBB50063CC1D /* BMSCore.framework */ = {isa = PBXFileReference; explicitFileType = wrapper.framework; includeInIndex = 0; path = BMSCore.framework; sourceTree = BUILT_PRODUCTS_DIR; };
		92F264011B94EBB60063CC1D /* BMSCoreTests.xctest */ = {isa = PBXFileReference; explicitFileType = wrapper.cfbundle; includeInIndex = 0; path = BMSCoreTests.xctest; sourceTree = BUILT_PRODUCTS_DIR; };
/* End PBXFileReference section */

/* Begin PBXFrameworksBuildPhase section */
		9235D0A51BC3181900946A32 /* Frameworks */ = {
			isa = PBXFrameworksBuildPhase;
			buildActionMask = 2147483647;
			files = (
				926679BC1BF4FBD300F597C5 /* BMSCore.framework in Frameworks */,
			);
			runOnlyForDeploymentPostprocessing = 0;
		};
		9235D0C51BC3183F00946A32 /* Frameworks */ = {
			isa = PBXFrameworksBuildPhase;
			buildActionMask = 2147483647;
			files = (
				9235D0FC1BC33D5600946A32 /* BMSCoreWatchOS.framework in Frameworks */,
			);
			runOnlyForDeploymentPostprocessing = 0;
		};
		92A8E4D21BBF2D9C00995FE8 /* Frameworks */ = {
			isa = PBXFrameworksBuildPhase;
			buildActionMask = 2147483647;
			files = (
			);
			runOnlyForDeploymentPostprocessing = 0;
		};
		92F263F31B94EBB50063CC1D /* Frameworks */ = {
			isa = PBXFrameworksBuildPhase;
			buildActionMask = 2147483647;
			files = (
			);
			runOnlyForDeploymentPostprocessing = 0;
		};
		92F263FE1B94EBB50063CC1D /* Frameworks */ = {
			isa = PBXFrameworksBuildPhase;
			buildActionMask = 2147483647;
			files = (
				92F264021B94EBB60063CC1D /* BMSCore.framework in Frameworks */,
			);
			runOnlyForDeploymentPostprocessing = 0;
		};
/* End PBXFrameworksBuildPhase section */

/* Begin PBXGroup section */
		1572E599B96D6D094EC36397 /* Frameworks */ = {
			isa = PBXGroup;
			children = (
			);
			name = Frameworks;
			sourceTree = "<group>";
		};
		92018A101C45A7720031C893 /* Source */ = {
			isa = PBXGroup;
			children = (
				92018A161C45A7720031C893 /* Constants.swift */,
				92018A171C45A7720031C893 /* Error.swift */,
				92018A461C45AA890031C893 /* Network Requests */,
				92018A221C45A7720031C893 /* Security */,
				92018A111C45A7720031C893 /* Analytics */,
				92018A191C45A7720031C893 /* Logger */,
				92018A3B1C45A8170031C893 /* Resources */,
			);
			path = Source;
			sourceTree = "<group>";
		};
		92018A111C45A7720031C893 /* Analytics */ = {
			isa = PBXGroup;
			children = (
				92018A141C45A7720031C893 /* Analytics.swift */,
				92018A121C45A7720031C893 /* Analytics+iOS.swift */,
				92018A131C45A7720031C893 /* Analytics+watchOS.swift */,
			);
			path = Analytics;
			sourceTree = "<group>";
		};
		92018A191C45A7720031C893 /* Logger */ = {
			isa = PBXGroup;
			children = (
				926CF6911C4D51760084355B /* MFPLogger.swift */,
				92018A1A1C45A7720031C893 /* Logger.swift */,
			);
			path = Logger;
			sourceTree = "<group>";
		};
		92018A221C45A7720031C893 /* Security */ = {
			isa = PBXGroup;
			children = (
				92018A231C45A7720031C893 /* AuthorizationManager.swift */,
				92018A241C45A7720031C893 /* DefaultAuthorizationManager.swift */,
			);
			path = Security;
			sourceTree = "<group>";
		};
		92018A3B1C45A8170031C893 /* Resources */ = {
			isa = PBXGroup;
			children = (
				92018A3C1C45A8170031C893 /* BMSCore.h */,
				92018A3D1C45A8170031C893 /* BMSCoreWatchOS.h */,
				92018A3E1C45A8170031C893 /* Info_iOS.plist */,
				92018A3F1C45A8170031C893 /* Info_watchOS.plist */,
			);
			name = Resources;
			path = Source/Resources;
			sourceTree = SOURCE_ROOT;
		};
		92018A461C45AA890031C893 /* Network Requests */ = {
			isa = PBXGroup;
			children = (
				92018A471C45AA890031C893 /* BMSClient.swift */,
				92018A481C45AA890031C893 /* MFPClient.swift */,
				92018A4A1C45AA890031C893 /* MFPRequest.swift */,
				92018A491C45AA890031C893 /* MFPRequest+iOS.swift */,
				92018A4B1C45AA890031C893 /* Request.swift */,
				92018A4C1C45AA890031C893 /* Response.swift */,
			);
			name = "Network Requests";
			path = "Source/Network Requests";
			sourceTree = SOURCE_ROOT;
		};
		92018A5F1C45AC380031C893 /* Tests */ = {
			isa = PBXGroup;
			children = (
				92018A751C45AC380031C893 /* Unit Tests */,
				92018A601C45AC380031C893 /* Test Apps */,
			);
			path = Tests;
			sourceTree = "<group>";
		};
		92018A601C45AC380031C893 /* Test Apps */ = {
			isa = PBXGroup;
			children = (
				92018A611C45AC380031C893 /* TestAppiOS */,
				92018A6B1C45AC380031C893 /* TestAppWatchOS */,
				92018A701C45AC380031C893 /* TestAppWatchOS Extension */,
			);
			path = "Test Apps";
			sourceTree = "<group>";
		};
		92018A611C45AC380031C893 /* TestAppiOS */ = {
			isa = PBXGroup;
			children = (
				92018A621C45AC380031C893 /* AppDelegate.swift */,
				92018A691C45AC380031C893 /* LogController.swift */,
				92018A6A1C45AC380031C893 /* ViewController.swift */,
				92018A661C45AC380031C893 /* Main.storyboard */,
				92018A641C45AC380031C893 /* LaunchScreen.storyboard */,
				92ED07091C45AFD900E0BA1D /* Resources */,
			);
			path = TestAppiOS;
			sourceTree = "<group>";
		};
		92018A6B1C45AC380031C893 /* TestAppWatchOS */ = {
			isa = PBXGroup;
			children = (
				92018A6D1C45AC380031C893 /* Interface.storyboard */,
				92ED070E1C45B01F00E0BA1D /* Resources */,
			);
			path = TestAppWatchOS;
			sourceTree = "<group>";
		};
		92018A701C45AC380031C893 /* TestAppWatchOS Extension */ = {
			isa = PBXGroup;
			children = (
				92018A741C45AC380031C893 /* InterfaceController.swift */,
				92018A721C45AC380031C893 /* ExtensionDelegate.swift */,
				92ED07131C45B03700E0BA1D /* Resources */,
			);
			path = "TestAppWatchOS Extension";
			sourceTree = "<group>";
		};
		92018A751C45AC380031C893 /* Unit Tests */ = {
			isa = PBXGroup;
			children = (
				92018A771C45AC380031C893 /* BMSClientTests.swift */,
				92018A791C45AC380031C893 /* MFPRequestTests.swift */,
				92018A7D1C45AC380031C893 /* ResponseTests.swift */,
				92018A761C45AC380031C893 /* AnalyticsTests.swift */,
				926CF6961C4EADCA0084355B /* MFPLoggerTests.swift */,
				92018A781C45AC380031C893 /* LoggerTests.swift */,
				92018A7A1C45AC380031C893 /* Resources */,
			);
			path = "Unit Tests";
			sourceTree = "<group>";
		};
		92018A7A1C45AC380031C893 /* Resources */ = {
			isa = PBXGroup;
			children = (
				92018A7B1C45AC380031C893 /* Info.plist */,
				92018A7C1C45AC380031C893 /* LargeData.txt */,
			);
			path = Resources;
			sourceTree = "<group>";
		};
		92ED07091C45AFD900E0BA1D /* Resources */ = {
			isa = PBXGroup;
			children = (
				92ED070A1C45AFD900E0BA1D /* Assets.xcassets */,
				92ED070B1C45AFD900E0BA1D /* Info.plist */,
			);
			path = Resources;
			sourceTree = "<group>";
		};
		92ED070E1C45B01F00E0BA1D /* Resources */ = {
			isa = PBXGroup;
			children = (
				92ED070F1C45B01F00E0BA1D /* Assets.xcassets */,
				92ED07101C45B01F00E0BA1D /* Info.plist */,
			);
			path = Resources;
			sourceTree = "<group>";
		};
		92ED07131C45B03700E0BA1D /* Resources */ = {
			isa = PBXGroup;
			children = (
				92ED07141C45B03700E0BA1D /* Assets.xcassets */,
				92ED07151C45B03700E0BA1D /* Info.plist */,
			);
			path = Resources;
			sourceTree = "<group>";
		};
		92F263ED1B94EBB50063CC1D = {
			isa = PBXGroup;
			children = (
				92018A101C45A7720031C893 /* Source */,
				92018A5F1C45AC380031C893 /* Tests */,
				92F263F81B94EBB50063CC1D /* Products */,
				1572E599B96D6D094EC36397 /* Frameworks */,
			);
			sourceTree = "<group>";
		};
		92F263F81B94EBB50063CC1D /* Products */ = {
			isa = PBXGroup;
			children = (
				92F263F71B94EBB50063CC1D /* BMSCore.framework */,
				92F264011B94EBB60063CC1D /* BMSCoreTests.xctest */,
				92A8E4D61BBF2D9C00995FE8 /* BMSCoreWatchOS.framework */,
				9235D0A81BC3181900946A32 /* TestAppiOS.app */,
				9235D0BC1BC3183F00946A32 /* TestAppWatchOS.app */,
				9235D0C81BC3183F00946A32 /* TestAppWatchOS Extension.appex */,
			);
			name = Products;
			sourceTree = "<group>";
		};
/* End PBXGroup section */

/* Begin PBXHeadersBuildPhase section */
		92A8E4D31BBF2D9C00995FE8 /* Headers */ = {
			isa = PBXHeadersBuildPhase;
			buildActionMask = 2147483647;
			files = (
				92018A441C45A8250031C893 /* BMSCoreWatchOS.h in Headers */,
			);
			runOnlyForDeploymentPostprocessing = 0;
		};
		92F263F41B94EBB50063CC1D /* Headers */ = {
			isa = PBXHeadersBuildPhase;
			buildActionMask = 2147483647;
			files = (
				92018A401C45A8170031C893 /* BMSCore.h in Headers */,
			);
			runOnlyForDeploymentPostprocessing = 0;
		};
/* End PBXHeadersBuildPhase section */

/* Begin PBXNativeTarget section */
		9235D0A71BC3181900946A32 /* TestAppiOS */ = {
			isa = PBXNativeTarget;
			buildConfigurationList = 9235D0B71BC3181900946A32 /* Build configuration list for PBXNativeTarget "TestAppiOS" */;
			buildPhases = (
				9235D0A41BC3181900946A32 /* Sources */,
				9235D0A51BC3181900946A32 /* Frameworks */,
				9235D0A61BC3181900946A32 /* Resources */,
				9235D0DE1BC3184000946A32 /* Embed Watch Content */,
				926679BE1BF4FBD300F597C5 /* Embed Frameworks */,
			);
			buildRules = (
			);
			dependencies = (
				926679B81BF3D4D900F597C5 /* PBXTargetDependency */,
				9235D0E91BC32D1E00946A32 /* PBXTargetDependency */,
			);
			name = TestAppiOS;
			productName = TestAppiOS;
			productReference = 9235D0A81BC3181900946A32 /* TestAppiOS.app */;
			productType = "com.apple.product-type.application";
		};
		9235D0BB1BC3183F00946A32 /* TestAppWatchOS */ = {
			isa = PBXNativeTarget;
			buildConfigurationList = 9235D0DB1BC3184000946A32 /* Build configuration list for PBXNativeTarget "TestAppWatchOS" */;
			buildPhases = (
				9235D0BA1BC3183F00946A32 /* Resources */,
				9235D0DA1BC3184000946A32 /* Embed App Extensions */,
			);
			buildRules = (
			);
			dependencies = (
				9235D0CB1BC3183F00946A32 /* PBXTargetDependency */,
			);
			name = TestAppWatchOS;
			productName = TestAppWatchOS;
			productReference = 9235D0BC1BC3183F00946A32 /* TestAppWatchOS.app */;
			productType = "com.apple.product-type.application.watchapp2";
		};
		9235D0C71BC3183F00946A32 /* TestAppWatchOS Extension */ = {
			isa = PBXNativeTarget;
			buildConfigurationList = 9235D0D71BC3184000946A32 /* Build configuration list for PBXNativeTarget "TestAppWatchOS Extension" */;
			buildPhases = (
				9235D0C41BC3183F00946A32 /* Sources */,
				9235D0C51BC3183F00946A32 /* Frameworks */,
				9235D0C61BC3183F00946A32 /* Resources */,
				9235D1001BC33D5600946A32 /* Embed Frameworks */,
			);
			buildRules = (
			);
			dependencies = (
				9235D0FF1BC33D5600946A32 /* PBXTargetDependency */,
			);
			name = "TestAppWatchOS Extension";
			productName = "TestAppWatchOS Extension";
			productReference = 9235D0C81BC3183F00946A32 /* TestAppWatchOS Extension.appex */;
			productType = "com.apple.product-type.watchkit2-extension";
		};
		92A8E4D51BBF2D9C00995FE8 /* BMSCoreWatchOS */ = {
			isa = PBXNativeTarget;
			buildConfigurationList = 92A8E4DD1BBF2D9C00995FE8 /* Build configuration list for PBXNativeTarget "BMSCoreWatchOS" */;
			buildPhases = (
				92A8E4D11BBF2D9C00995FE8 /* Sources */,
				92A8E4D21BBF2D9C00995FE8 /* Frameworks */,
				92A8E4D31BBF2D9C00995FE8 /* Headers */,
				92A8E4D41BBF2D9C00995FE8 /* Resources */,
			);
			buildRules = (
			);
			dependencies = (
			);
			name = BMSCoreWatchOS;
			productName = BMSCoreWatchOS;
			productReference = 92A8E4D61BBF2D9C00995FE8 /* BMSCoreWatchOS.framework */;
			productType = "com.apple.product-type.framework";
		};
		92F263F61B94EBB50063CC1D /* BMSCore */ = {
			isa = PBXNativeTarget;
			buildConfigurationList = 92F2640B1B94EBB60063CC1D /* Build configuration list for PBXNativeTarget "BMSCore" */;
			buildPhases = (
				92F263F21B94EBB50063CC1D /* Sources */,
				92F263F31B94EBB50063CC1D /* Frameworks */,
				92F263F41B94EBB50063CC1D /* Headers */,
				92F263F51B94EBB50063CC1D /* Resources */,
			);
			buildRules = (
			);
			dependencies = (
			);
			name = BMSCore;
			productName = BMSCore;
			productReference = 92F263F71B94EBB50063CC1D /* BMSCore.framework */;
			productType = "com.apple.product-type.framework";
		};
		92F264001B94EBB50063CC1D /* BMSCoreTests */ = {
			isa = PBXNativeTarget;
			buildConfigurationList = 92F2640E1B94EBB60063CC1D /* Build configuration list for PBXNativeTarget "BMSCoreTests" */;
			buildPhases = (
				92F263FD1B94EBB50063CC1D /* Sources */,
				92F263FE1B94EBB50063CC1D /* Frameworks */,
				92F263FF1B94EBB50063CC1D /* Resources */,
			);
			buildRules = (
			);
			dependencies = (
				92F264041B94EBB60063CC1D /* PBXTargetDependency */,
			);
			name = BMSCoreTests;
			productName = BMSCoreTests;
			productReference = 92F264011B94EBB60063CC1D /* BMSCoreTests.xctest */;
			productType = "com.apple.product-type.bundle.unit-test";
		};
/* End PBXNativeTarget section */

/* Begin PBXProject section */
		92F263EE1B94EBB50063CC1D /* Project object */ = {
			isa = PBXProject;
			attributes = {
				LastSwiftUpdateCheck = 0700;
				LastUpgradeCheck = 0700;
				ORGANIZATIONNAME = IBM;
				TargetAttributes = {
					9235D0A71BC3181900946A32 = {
						CreatedOnToolsVersion = 7.0;
					};
					9235D0BB1BC3183F00946A32 = {
						CreatedOnToolsVersion = 7.0;
					};
					9235D0C71BC3183F00946A32 = {
						CreatedOnToolsVersion = 7.0;
					};
					92A8E4D51BBF2D9C00995FE8 = {
						CreatedOnToolsVersion = 7.0;
					};
					92F263F61B94EBB50063CC1D = {
						CreatedOnToolsVersion = 7.0;
					};
					92F264001B94EBB50063CC1D = {
						CreatedOnToolsVersion = 7.0;
					};
				};
			};
			buildConfigurationList = 92F263F11B94EBB50063CC1D /* Build configuration list for PBXProject "BMSCore" */;
			compatibilityVersion = "Xcode 3.2";
			developmentRegion = English;
			hasScannedForEncodings = 0;
			knownRegions = (
				en,
				Base,
			);
			mainGroup = 92F263ED1B94EBB50063CC1D;
			productRefGroup = 92F263F81B94EBB50063CC1D /* Products */;
			projectDirPath = "";
			projectRoot = "";
			targets = (
				92F263F61B94EBB50063CC1D /* BMSCore */,
				92F264001B94EBB50063CC1D /* BMSCoreTests */,
				92A8E4D51BBF2D9C00995FE8 /* BMSCoreWatchOS */,
				9235D0A71BC3181900946A32 /* TestAppiOS */,
				9235D0BB1BC3183F00946A32 /* TestAppWatchOS */,
				9235D0C71BC3183F00946A32 /* TestAppWatchOS Extension */,
			);
		};
/* End PBXProject section */

/* Begin PBXResourcesBuildPhase section */
		9235D0A61BC3181900946A32 /* Resources */ = {
			isa = PBXResourcesBuildPhase;
			buildActionMask = 2147483647;
			files = (
				92ED07191C45B59D00E0BA1D /* Main.storyboard in Resources */,
				92ED07181C45B52900E0BA1D /* LaunchScreen.storyboard in Resources */,
				92ED070C1C45AFD900E0BA1D /* Assets.xcassets in Resources */,
			);
			runOnlyForDeploymentPostprocessing = 0;
		};
		9235D0BA1BC3183F00946A32 /* Resources */ = {
			isa = PBXResourcesBuildPhase;
			buildActionMask = 2147483647;
			files = (
				92ED071A1C45BA0500E0BA1D /* Interface.storyboard in Resources */,
				92ED07111C45B01F00E0BA1D /* Assets.xcassets in Resources */,
			);
			runOnlyForDeploymentPostprocessing = 0;
		};
		9235D0C61BC3183F00946A32 /* Resources */ = {
			isa = PBXResourcesBuildPhase;
			buildActionMask = 2147483647;
			files = (
				92ED07161C45B03700E0BA1D /* Assets.xcassets in Resources */,
			);
			runOnlyForDeploymentPostprocessing = 0;
		};
		92A8E4D41BBF2D9C00995FE8 /* Resources */ = {
			isa = PBXResourcesBuildPhase;
			buildActionMask = 2147483647;
			files = (
			);
			runOnlyForDeploymentPostprocessing = 0;
		};
		92F263F51B94EBB50063CC1D /* Resources */ = {
			isa = PBXResourcesBuildPhase;
			buildActionMask = 2147483647;
			files = (
			);
			runOnlyForDeploymentPostprocessing = 0;
		};
		92F263FF1B94EBB50063CC1D /* Resources */ = {
			isa = PBXResourcesBuildPhase;
			buildActionMask = 2147483647;
			files = (
				92ED06FD1C45AEC900E0BA1D /* LargeData.txt in Resources */,
			);
			runOnlyForDeploymentPostprocessing = 0;
		};
/* End PBXResourcesBuildPhase section */

/* Begin PBXSourcesBuildPhase section */
		9235D0A41BC3181900946A32 /* Sources */ = {
			isa = PBXSourcesBuildPhase;
			buildActionMask = 2147483647;
			files = (
				92018A971C45ACF50031C893 /* ViewController.swift in Sources */,
				92018A961C45ACD80031C893 /* LogController.swift in Sources */,
				92018A931C45AC640031C893 /* AppDelegate.swift in Sources */,
			);
			runOnlyForDeploymentPostprocessing = 0;
		};
		9235D0C41BC3183F00946A32 /* Sources */ = {
			isa = PBXSourcesBuildPhase;
			buildActionMask = 2147483647;
			files = (
				92018A9B1C45AD2F0031C893 /* ExtensionDelegate.swift in Sources */,
				92018A9A1C45AD2C0031C893 /* InterfaceController.swift in Sources */,
			);
			runOnlyForDeploymentPostprocessing = 0;
		};
		92A8E4D11BBF2D9C00995FE8 /* Sources */ = {
			isa = PBXSourcesBuildPhase;
			buildActionMask = 2147483647;
			files = (
				92018A5B1C45AAD00031C893 /* MFPClient.swift in Sources */,
				92018A5C1C45AAD30031C893 /* BMSClient.swift in Sources */,
				92018A541C45AAA90031C893 /* Analytics+watchOS.swift in Sources */,
				92018A5D1C45AAD60031C893 /* Error.swift in Sources */,
				92018A531C45AAA30031C893 /* Logger.swift in Sources */,
				92018A571C45AAC40031C893 /* AuthorizationManager.swift in Sources */,
				92018A551C45AAAC0031C893 /* Analytics.swift in Sources */,
				92018A591C45AACA0031C893 /* Request.swift in Sources */,
				92018A581C45AAC70031C893 /* Response.swift in Sources */,
				92018A561C45AAC20031C893 /* DefaultAuthorizationManager.swift in Sources */,
				92018A5A1C45AACC0031C893 /* MFPRequest.swift in Sources */,
				926CF6931C4D51760084355B /* MFPLogger.swift in Sources */,
				92018A5E1C45AAD80031C893 /* Constants.swift in Sources */,
			);
			runOnlyForDeploymentPostprocessing = 0;
		};
		92F263F21B94EBB50063CC1D /* Sources */ = {
			isa = PBXSourcesBuildPhase;
			buildActionMask = 2147483647;
			files = (
				92018A2C1C45A7720031C893 /* Logger.swift in Sources */,
				926CF6921C4D51760084355B /* MFPLogger.swift in Sources */,
				92018A511C45AA890031C893 /* Request.swift in Sources */,
				92018A4F1C45AA890031C893 /* MFPRequest+iOS.swift in Sources */,
				92018A4D1C45AA890031C893 /* BMSClient.swift in Sources */,
				92018A501C45AA890031C893 /* MFPRequest.swift in Sources */,
				92018A521C45AA890031C893 /* Response.swift in Sources */,
				92018A291C45A7720031C893 /* Constants.swift in Sources */,
				92018A251C45A7720031C893 /* Analytics+iOS.swift in Sources */,
				92018A271C45A7720031C893 /* Analytics.swift in Sources */,
				92018A4E1C45AA890031C893 /* MFPClient.swift in Sources */,
				92018A331C45A7720031C893 /* AuthorizationManager.swift in Sources */,
				92018A2A1C45A7720031C893 /* Error.swift in Sources */,
				92018A341C45A7720031C893 /* DefaultAuthorizationManager.swift in Sources */,
			);
			runOnlyForDeploymentPostprocessing = 0;
		};
		92F263FD1B94EBB50063CC1D /* Sources */ = {
			isa = PBXSourcesBuildPhase;
			buildActionMask = 2147483647;
			files = (
				92018A921C45AC380031C893 /* ResponseTests.swift in Sources */,
				926CF6971C4EADCA0084355B /* MFPLoggerTests.swift in Sources */,
				92018A8C1C45AC380031C893 /* AnalyticsTests.swift in Sources */,
				92018A8D1C45AC380031C893 /* BMSClientTests.swift in Sources */,
				92018A8F1C45AC380031C893 /* MFPRequestTests.swift in Sources */,
				92018A8E1C45AC380031C893 /* LoggerTests.swift in Sources */,
			);
			runOnlyForDeploymentPostprocessing = 0;
		};
/* End PBXSourcesBuildPhase section */

/* Begin PBXTargetDependency section */
		9235D0CB1BC3183F00946A32 /* PBXTargetDependency */ = {
			isa = PBXTargetDependency;
			target = 9235D0C71BC3183F00946A32 /* TestAppWatchOS Extension */;
			targetProxy = 9235D0CA1BC3183F00946A32 /* PBXContainerItemProxy */;
		};
		9235D0E91BC32D1E00946A32 /* PBXTargetDependency */ = {
			isa = PBXTargetDependency;
			target = 92F263F61B94EBB50063CC1D /* BMSCore */;
			targetProxy = 9235D0E81BC32D1E00946A32 /* PBXContainerItemProxy */;
		};
		9235D0FF1BC33D5600946A32 /* PBXTargetDependency */ = {
			isa = PBXTargetDependency;
			target = 92A8E4D51BBF2D9C00995FE8 /* BMSCoreWatchOS */;
			targetProxy = 9235D0FE1BC33D5600946A32 /* PBXContainerItemProxy */;
		};
		926679B81BF3D4D900F597C5 /* PBXTargetDependency */ = {
			isa = PBXTargetDependency;
			target = 9235D0BB1BC3183F00946A32 /* TestAppWatchOS */;
			targetProxy = 926679B71BF3D4D900F597C5 /* PBXContainerItemProxy */;
		};
		92F264041B94EBB60063CC1D /* PBXTargetDependency */ = {
			isa = PBXTargetDependency;
			target = 92F263F61B94EBB50063CC1D /* BMSCore */;
			targetProxy = 92F264031B94EBB60063CC1D /* PBXContainerItemProxy */;
		};
/* End PBXTargetDependency section */

/* Begin PBXVariantGroup section */
		92018A641C45AC380031C893 /* LaunchScreen.storyboard */ = {
			isa = PBXVariantGroup;
			children = (
				92018A651C45AC380031C893 /* Base */,
			);
			name = LaunchScreen.storyboard;
			sourceTree = "<group>";
		};
		92018A661C45AC380031C893 /* Main.storyboard */ = {
			isa = PBXVariantGroup;
			children = (
				92018A671C45AC380031C893 /* Base */,
			);
			name = Main.storyboard;
			sourceTree = "<group>";
		};
		92018A6D1C45AC380031C893 /* Interface.storyboard */ = {
			isa = PBXVariantGroup;
			children = (
				92018A6E1C45AC380031C893 /* Base */,
			);
			name = Interface.storyboard;
			sourceTree = "<group>";
		};
/* End PBXVariantGroup section */

/* Begin XCBuildConfiguration section */
		9235D0B81BC3181900946A32 /* Debug */ = {
			isa = XCBuildConfiguration;
			buildSettings = {
				ALWAYS_SEARCH_USER_PATHS = NO;
				ASSETCATALOG_COMPILER_APPICON_NAME = AppIcon;
				EMBEDDED_CONTENT_CONTAINS_SWIFT = YES;
				FRAMEWORK_SEARCH_PATHS = "";
				INFOPLIST_FILE = "Tests/Test Apps/TestAppiOS/Resources/Info.plist";
				LD_RUNPATH_SEARCH_PATHS = "$(inherited) @executable_path/Frameworks";
				PRODUCT_BUNDLE_IDENTIFIER = com.ibm.mobilefirstplatform.clientsdk.swift.TestAppiOS;
				PRODUCT_NAME = "$(TARGET_NAME)";
			};
			name = Debug;
		};
		9235D0B91BC3181900946A32 /* Release */ = {
			isa = XCBuildConfiguration;
			buildSettings = {
				ALWAYS_SEARCH_USER_PATHS = NO;
				ASSETCATALOG_COMPILER_APPICON_NAME = AppIcon;
				EMBEDDED_CONTENT_CONTAINS_SWIFT = YES;
				FRAMEWORK_SEARCH_PATHS = "";
				INFOPLIST_FILE = "Tests/Test Apps/TestAppiOS/Resources/Info.plist";
				LD_RUNPATH_SEARCH_PATHS = "$(inherited) @executable_path/Frameworks";
				PRODUCT_BUNDLE_IDENTIFIER = com.ibm.mobilefirstplatform.clientsdk.swift.TestAppiOS;
				PRODUCT_NAME = "$(TARGET_NAME)";
			};
			name = Release;
		};
		9235D0D81BC3184000946A32 /* Debug */ = {
			isa = XCBuildConfiguration;
			buildSettings = {
				EMBEDDED_CONTENT_CONTAINS_SWIFT = YES;
				FRAMEWORK_SEARCH_PATHS = (
					"$(inherited)",
					"$(PROJECT_DIR)/Build/Products/Debug-watchsimulator",
				);
				INFOPLIST_FILE = "Tests/Test Apps/TestAppWatchOS Extension/Resources/Info.plist";
				LD_RUNPATH_SEARCH_PATHS = "$(inherited) @executable_path/Frameworks @executable_path/../../Frameworks";
				PRODUCT_BUNDLE_IDENTIFIER = com.ibm.mobilefirstplatform.clientsdk.swift.TestAppiOS.watchkitapp.watchkitextension;
				PRODUCT_NAME = "${TARGET_NAME}";
				SDKROOT = watchos;
				SKIP_INSTALL = YES;
				TARGETED_DEVICE_FAMILY = 4;
				WATCHOS_DEPLOYMENT_TARGET = 2.0;
			};
			name = Debug;
		};
		9235D0D91BC3184000946A32 /* Release */ = {
			isa = XCBuildConfiguration;
			buildSettings = {
				EMBEDDED_CONTENT_CONTAINS_SWIFT = YES;
				FRAMEWORK_SEARCH_PATHS = (
					"$(inherited)",
					"$(PROJECT_DIR)/Build/Products/Debug-watchsimulator",
				);
				INFOPLIST_FILE = "Tests/Test Apps/TestAppWatchOS Extension/Resources/Info.plist";
				LD_RUNPATH_SEARCH_PATHS = "$(inherited) @executable_path/Frameworks @executable_path/../../Frameworks";
				PRODUCT_BUNDLE_IDENTIFIER = com.ibm.mobilefirstplatform.clientsdk.swift.TestAppiOS.watchkitapp.watchkitextension;
				PRODUCT_NAME = "${TARGET_NAME}";
				SDKROOT = watchos;
				SKIP_INSTALL = YES;
				TARGETED_DEVICE_FAMILY = 4;
				WATCHOS_DEPLOYMENT_TARGET = 2.0;
			};
			name = Release;
		};
		9235D0DC1BC3184000946A32 /* Debug */ = {
			isa = XCBuildConfiguration;
			buildSettings = {
				ASSETCATALOG_COMPILER_APPICON_NAME = AppIcon;
				EMBEDDED_CONTENT_CONTAINS_SWIFT = YES;
				IBSC_MODULE = TestAppWatchOS_Extension;
				INFOPLIST_FILE = "Tests/Test Apps/TestAppWatchOS/Resources/Info.plist";
				PRODUCT_BUNDLE_IDENTIFIER = com.ibm.mobilefirstplatform.clientsdk.swift.TestAppiOS.watchkitapp;
				PRODUCT_NAME = "$(TARGET_NAME)";
				SDKROOT = watchos;
				SKIP_INSTALL = YES;
				TARGETED_DEVICE_FAMILY = 4;
				WATCHOS_DEPLOYMENT_TARGET = 2.0;
			};
			name = Debug;
		};
		9235D0DD1BC3184000946A32 /* Release */ = {
			isa = XCBuildConfiguration;
			buildSettings = {
				ASSETCATALOG_COMPILER_APPICON_NAME = AppIcon;
				EMBEDDED_CONTENT_CONTAINS_SWIFT = YES;
				IBSC_MODULE = TestAppWatchOS_Extension;
				INFOPLIST_FILE = "Tests/Test Apps/TestAppWatchOS/Resources/Info.plist";
				PRODUCT_BUNDLE_IDENTIFIER = com.ibm.mobilefirstplatform.clientsdk.swift.TestAppiOS.watchkitapp;
				PRODUCT_NAME = "$(TARGET_NAME)";
				SDKROOT = watchos;
				SKIP_INSTALL = YES;
				TARGETED_DEVICE_FAMILY = 4;
				WATCHOS_DEPLOYMENT_TARGET = 2.0;
			};
			name = Release;
		};
		92A8E4DB1BBF2D9C00995FE8 /* Debug */ = {
			isa = XCBuildConfiguration;
			buildSettings = {
				APPLICATION_EXTENSION_API_ONLY = YES;
				DEFINES_MODULE = YES;
				DYLIB_COMPATIBILITY_VERSION = 1;
				DYLIB_CURRENT_VERSION = 1;
				DYLIB_INSTALL_NAME_BASE = "@rpath";
				ENABLE_BITCODE = YES;
				INFOPLIST_FILE = Source/Resources/Info_watchOS.plist;
				INSTALL_PATH = "$(LOCAL_LIBRARY_DIR)/Frameworks";
				IPHONEOS_DEPLOYMENT_TARGET = 8.0;
				LD_RUNPATH_SEARCH_PATHS = "$(inherited) @executable_path/Frameworks @loader_path/Frameworks";
				PRODUCT_BUNDLE_IDENTIFIER = com.ibm.mobilefirstplatform.clientsdk.swift.BMSCoreWatchOS;
				PRODUCT_NAME = "$(TARGET_NAME)";
				SDKROOT = watchos;
				SKIP_INSTALL = YES;
				TARGETED_DEVICE_FAMILY = 4;
				WATCHOS_DEPLOYMENT_TARGET = 2.0;
			};
			name = Debug;
		};
		92A8E4DC1BBF2D9C00995FE8 /* Release */ = {
			isa = XCBuildConfiguration;
			buildSettings = {
				APPLICATION_EXTENSION_API_ONLY = YES;
				DEFINES_MODULE = YES;
				DYLIB_COMPATIBILITY_VERSION = 1;
				DYLIB_CURRENT_VERSION = 1;
				DYLIB_INSTALL_NAME_BASE = "@rpath";
				ENABLE_BITCODE = YES;
				INFOPLIST_FILE = Source/Resources/Info_watchOS.plist;
				INSTALL_PATH = "$(LOCAL_LIBRARY_DIR)/Frameworks";
				IPHONEOS_DEPLOYMENT_TARGET = 8.0;
				LD_RUNPATH_SEARCH_PATHS = "$(inherited) @executable_path/Frameworks @loader_path/Frameworks";
				PRODUCT_BUNDLE_IDENTIFIER = com.ibm.mobilefirstplatform.clientsdk.swift.BMSCoreWatchOS;
				PRODUCT_NAME = "$(TARGET_NAME)";
				SDKROOT = watchos;
				SKIP_INSTALL = YES;
				TARGETED_DEVICE_FAMILY = 4;
				WATCHOS_DEPLOYMENT_TARGET = 2.0;
			};
			name = Release;
		};
		92F264091B94EBB60063CC1D /* Debug */ = {
			isa = XCBuildConfiguration;
			buildSettings = {
				ALWAYS_SEARCH_USER_PATHS = NO;
				CLANG_CXX_LANGUAGE_STANDARD = "gnu++0x";
				CLANG_CXX_LIBRARY = "libc++";
				CLANG_ENABLE_MODULES = YES;
				CLANG_ENABLE_OBJC_ARC = YES;
				CLANG_WARN_BOOL_CONVERSION = YES;
				CLANG_WARN_CONSTANT_CONVERSION = YES;
				CLANG_WARN_DIRECT_OBJC_ISA_USAGE = YES_ERROR;
				CLANG_WARN_EMPTY_BODY = YES;
				CLANG_WARN_ENUM_CONVERSION = YES;
				CLANG_WARN_INT_CONVERSION = YES;
				CLANG_WARN_OBJC_ROOT_CLASS = YES_ERROR;
				CLANG_WARN_UNREACHABLE_CODE = YES;
				CLANG_WARN__DUPLICATE_METHOD_MATCH = YES;
				"CODE_SIGN_IDENTITY[sdk=iphoneos*]" = "iPhone Developer";
				COPY_PHASE_STRIP = NO;
				CURRENT_PROJECT_VERSION = 1;
				DEBUG_INFORMATION_FORMAT = dwarf;
				ENABLE_STRICT_OBJC_MSGSEND = YES;
				ENABLE_TESTABILITY = YES;
				GCC_C_LANGUAGE_STANDARD = gnu99;
				GCC_DYNAMIC_NO_PIC = NO;
				GCC_NO_COMMON_BLOCKS = YES;
				GCC_OPTIMIZATION_LEVEL = 0;
				GCC_PREPROCESSOR_DEFINITIONS = (
					"DEBUG=1",
					"$(inherited)",
				);
				GCC_WARN_64_TO_32_BIT_CONVERSION = YES;
				GCC_WARN_ABOUT_RETURN_TYPE = YES_ERROR;
				GCC_WARN_UNDECLARED_SELECTOR = YES;
				GCC_WARN_UNINITIALIZED_AUTOS = YES_AGGRESSIVE;
				GCC_WARN_UNUSED_FUNCTION = YES;
				GCC_WARN_UNUSED_VARIABLE = YES;
				IPHONEOS_DEPLOYMENT_TARGET = 9.0;
				MTL_ENABLE_DEBUG_INFO = YES;
				ONLY_ACTIVE_ARCH = YES;
				SDKROOT = iphoneos;
				SWIFT_OPTIMIZATION_LEVEL = "-Onone";
				TARGETED_DEVICE_FAMILY = "1,2";
				VERSIONING_SYSTEM = "apple-generic";
				VERSION_INFO_PREFIX = "";
			};
			name = Debug;
		};
		92F2640A1B94EBB60063CC1D /* Release */ = {
			isa = XCBuildConfiguration;
			buildSettings = {
				ALWAYS_SEARCH_USER_PATHS = NO;
				CLANG_CXX_LANGUAGE_STANDARD = "gnu++0x";
				CLANG_CXX_LIBRARY = "libc++";
				CLANG_ENABLE_MODULES = YES;
				CLANG_ENABLE_OBJC_ARC = YES;
				CLANG_WARN_BOOL_CONVERSION = YES;
				CLANG_WARN_CONSTANT_CONVERSION = YES;
				CLANG_WARN_DIRECT_OBJC_ISA_USAGE = YES_ERROR;
				CLANG_WARN_EMPTY_BODY = YES;
				CLANG_WARN_ENUM_CONVERSION = YES;
				CLANG_WARN_INT_CONVERSION = YES;
				CLANG_WARN_OBJC_ROOT_CLASS = YES_ERROR;
				CLANG_WARN_UNREACHABLE_CODE = YES;
				CLANG_WARN__DUPLICATE_METHOD_MATCH = YES;
				"CODE_SIGN_IDENTITY[sdk=iphoneos*]" = "iPhone Developer";
				COPY_PHASE_STRIP = NO;
				CURRENT_PROJECT_VERSION = 1;
				DEBUG_INFORMATION_FORMAT = "dwarf-with-dsym";
				ENABLE_NS_ASSERTIONS = NO;
				ENABLE_STRICT_OBJC_MSGSEND = YES;
				GCC_C_LANGUAGE_STANDARD = gnu99;
				GCC_NO_COMMON_BLOCKS = YES;
				GCC_WARN_64_TO_32_BIT_CONVERSION = YES;
				GCC_WARN_ABOUT_RETURN_TYPE = YES_ERROR;
				GCC_WARN_UNDECLARED_SELECTOR = YES;
				GCC_WARN_UNINITIALIZED_AUTOS = YES_AGGRESSIVE;
				GCC_WARN_UNUSED_FUNCTION = YES;
				GCC_WARN_UNUSED_VARIABLE = YES;
				IPHONEOS_DEPLOYMENT_TARGET = 9.0;
				MTL_ENABLE_DEBUG_INFO = NO;
				SDKROOT = iphoneos;
				TARGETED_DEVICE_FAMILY = "1,2";
				VALIDATE_PRODUCT = YES;
				VERSIONING_SYSTEM = "apple-generic";
				VERSION_INFO_PREFIX = "";
			};
			name = Release;
		};
		92F2640C1B94EBB60063CC1D /* Debug */ = {
			isa = XCBuildConfiguration;
			buildSettings = {
				CLANG_ENABLE_MODULES = YES;
				DEFINES_MODULE = YES;
				DYLIB_COMPATIBILITY_VERSION = 1;
				DYLIB_CURRENT_VERSION = 1;
				DYLIB_INSTALL_NAME_BASE = "@rpath";
				EMBEDDED_CONTENT_CONTAINS_SWIFT = YES;
				INFOPLIST_FILE = Source/Resources/Info_iOS.plist;
				INSTALL_PATH = "$(LOCAL_LIBRARY_DIR)/Frameworks";
				IPHONEOS_DEPLOYMENT_TARGET = 8.0;
				LD_RUNPATH_SEARCH_PATHS = "$(inherited) @executable_path/Frameworks @loader_path/Frameworks";
				PRODUCT_BUNDLE_IDENTIFIER = com.ibm.mobilefirstplatform.clientsdk.swift.BMSCore;
				PRODUCT_NAME = "$(TARGET_NAME)";
				SKIP_INSTALL = YES;
				SWIFT_OPTIMIZATION_LEVEL = "-Onone";
			};
			name = Debug;
		};
		92F2640D1B94EBB60063CC1D /* Release */ = {
			isa = XCBuildConfiguration;
			buildSettings = {
				CLANG_ENABLE_MODULES = YES;
				DEFINES_MODULE = YES;
				DYLIB_COMPATIBILITY_VERSION = 1;
				DYLIB_CURRENT_VERSION = 1;
				DYLIB_INSTALL_NAME_BASE = "@rpath";
				EMBEDDED_CONTENT_CONTAINS_SWIFT = YES;
				INFOPLIST_FILE = Source/Resources/Info_iOS.plist;
				INSTALL_PATH = "$(LOCAL_LIBRARY_DIR)/Frameworks";
				IPHONEOS_DEPLOYMENT_TARGET = 8.0;
				LD_RUNPATH_SEARCH_PATHS = "$(inherited) @executable_path/Frameworks @loader_path/Frameworks";
				PRODUCT_BUNDLE_IDENTIFIER = com.ibm.mobilefirstplatform.clientsdk.swift.BMSCore;
				PRODUCT_NAME = "$(TARGET_NAME)";
				SKIP_INSTALL = YES;
			};
			name = Release;
		};
		92F2640F1B94EBB60063CC1D /* Debug */ = {
			isa = XCBuildConfiguration;
			buildSettings = {
				INFOPLIST_FILE = "Tests/Unit Tests/Resources/Info.plist";
				LD_RUNPATH_SEARCH_PATHS = "$(inherited) @executable_path/Frameworks @loader_path/Frameworks";
				PRODUCT_BUNDLE_IDENTIFIER = com.ibm.mobilefirstplatform.clientsdk.swift.BMSCoreTests;
				PRODUCT_NAME = "$(TARGET_NAME)";
			};
			name = Debug;
		};
		92F264101B94EBB60063CC1D /* Release */ = {
			isa = XCBuildConfiguration;
			buildSettings = {
				INFOPLIST_FILE = "Tests/Unit Tests/Resources/Info.plist";
				LD_RUNPATH_SEARCH_PATHS = "$(inherited) @executable_path/Frameworks @loader_path/Frameworks";
				PRODUCT_BUNDLE_IDENTIFIER = com.ibm.mobilefirstplatform.clientsdk.swift.BMSCoreTests;
				PRODUCT_NAME = "$(TARGET_NAME)";
			};
			name = Release;
		};
/* End XCBuildConfiguration section */

/* Begin XCConfigurationList section */
		9235D0B71BC3181900946A32 /* Build configuration list for PBXNativeTarget "TestAppiOS" */ = {
			isa = XCConfigurationList;
			buildConfigurations = (
				9235D0B81BC3181900946A32 /* Debug */,
				9235D0B91BC3181900946A32 /* Release */,
			);
			defaultConfigurationIsVisible = 0;
			defaultConfigurationName = Release;
		};
		9235D0D71BC3184000946A32 /* Build configuration list for PBXNativeTarget "TestAppWatchOS Extension" */ = {
			isa = XCConfigurationList;
			buildConfigurations = (
				9235D0D81BC3184000946A32 /* Debug */,
				9235D0D91BC3184000946A32 /* Release */,
			);
			defaultConfigurationIsVisible = 0;
			defaultConfigurationName = Release;
		};
		9235D0DB1BC3184000946A32 /* Build configuration list for PBXNativeTarget "TestAppWatchOS" */ = {
			isa = XCConfigurationList;
			buildConfigurations = (
				9235D0DC1BC3184000946A32 /* Debug */,
				9235D0DD1BC3184000946A32 /* Release */,
			);
			defaultConfigurationIsVisible = 0;
			defaultConfigurationName = Release;
		};
		92A8E4DD1BBF2D9C00995FE8 /* Build configuration list for PBXNativeTarget "BMSCoreWatchOS" */ = {
			isa = XCConfigurationList;
			buildConfigurations = (
				92A8E4DB1BBF2D9C00995FE8 /* Debug */,
				92A8E4DC1BBF2D9C00995FE8 /* Release */,
			);
			defaultConfigurationIsVisible = 0;
			defaultConfigurationName = Release;
		};
		92F263F11B94EBB50063CC1D /* Build configuration list for PBXProject "BMSCore" */ = {
			isa = XCConfigurationList;
			buildConfigurations = (
				92F264091B94EBB60063CC1D /* Debug */,
				92F2640A1B94EBB60063CC1D /* Release */,
			);
			defaultConfigurationIsVisible = 0;
			defaultConfigurationName = Release;
		};
		92F2640B1B94EBB60063CC1D /* Build configuration list for PBXNativeTarget "BMSCore" */ = {
			isa = XCConfigurationList;
			buildConfigurations = (
				92F2640C1B94EBB60063CC1D /* Debug */,
				92F2640D1B94EBB60063CC1D /* Release */,
			);
			defaultConfigurationIsVisible = 0;
			defaultConfigurationName = Release;
		};
		92F2640E1B94EBB60063CC1D /* Build configuration list for PBXNativeTarget "BMSCoreTests" */ = {
			isa = XCConfigurationList;
			buildConfigurations = (
				92F2640F1B94EBB60063CC1D /* Debug */,
				92F264101B94EBB60063CC1D /* Release */,
			);
			defaultConfigurationIsVisible = 0;
			defaultConfigurationName = Release;
		};
/* End XCConfigurationList section */
	};
	rootObject = 92F263EE1B94EBB50063CC1D /* Project object */;
}
